
Microsoft Visual Studio Solution File, Format Version 12.00
# Visual Studio Version 16
VisualStudioVersion = 16.0.33214.272
MinimumVisualStudioVersion = 10.0.40219.1
Project("{FAE04EC0-301F-11D3-BF4B-00C04F79EFBC}") = "HumanMetricData", "HumanMetricData\HumanMetricData.csproj", "{2B3FF5A8-701B-4091-99CD-23077D5093DA}"
EndProject
Global
	GlobalSection(SolutionConfigurationPlatforms) = preSolution
		Debug|Any CPU = Debug|Any CPU
		Release|Any CPU = Release|Any CPU
	EndGlobalSection
	GlobalSection(ProjectConfigurationPlatforms) = postSolution
		{2B3FF5A8-701B-4091-99CD-23077D5093DA}.Debug|Any CPU.ActiveCfg = Debug|Any CPU
		{2B3FF5A8-701B-4091-99CD-23077D5093DA}.Debug|Any CPU.Build.0 = Debug|Any CPU
		{2B3FF5A8-701B-4091-99CD-23077D5093DA}.Release|Any CPU.ActiveCfg = Release|Any CPU
		{2B3FF5A8-701B-4091-99CD-23077D5093DA}.Release|Any CPU.Build.0 = Release|Any CPU
	EndGlobalSection
	GlobalSection(SolutionProperties) = preSolution
		HideSolutionNode = FALSE
	EndGlobalSection
	GlobalSection(ExtensibilityGlobals) = postSolution
		SolutionGuid = {4E192FDA-8246-484F-B604-7460A4E47F11}
	EndGlobalSection
EndGlobal
